version = 1
revision = 3
requires-python = ">=3.12"

[[package]]
name = "asgiref"
version = "3.11.1"
source = { registry = "https://pypi.org/simple" }
sdist = { url = "https://files.pythonhosted.org/packages/63/40/f03da1264ae8f7cfdbf9146542e5e7e8100a4c66ab48e791df9a03d3f6c0/asgiref-3.11.1.tar.gz", hash = "sha256:5f184dc43b7e763efe848065441eac62229c9f7b0475f41f80e207a114eda4ce", size = 38550, upload-time = "2026-02-03T13:30:14.33Z" }
wheels = [
    { url = "https://files.pythonhosted.org/packages/5c/0a/a72d10ed65068e115044937873362e6e32fab1b7dce0046aeb224682c989/asgiref-3.11.1-py3-none-any.whl", hash = "sha256:e8667a091e69529631969fd45dc268fa79b99c92c5fcdda727757e52146ec133", size = 24345, upload-time = "2026-02-03T13:30:13.039Z" },
]

[[package]]
name = "django"
version = "6.0.6"
source = { registry = "https://pypi.org/simple" }
dependencies = [
    { name = "asgiref" },
    { name = "sqlparse" },
    { name = "tzdata", marker = "sys_platform == 'win32'" },
]
sdist = { url = "https://files.pythonhosted.org/packages/78/29/ac41e16097af67066d97a7d5775c5d8e7efc5d0284f6b0a159e07b9adb92/django-6.0.6.tar.gz", hash = "sha256:ad03916ba59523d781ae5c3f631960c23d69a9d9c43cecda52fc23b47e953713", size = 10905525, upload-time = "2026-06-03T13:02:46.503Z" }
wheels = [
    { url = "https://files.pythonhosted.org/packages/eb/50/23f9dc45483419a3cc2085b498b25adfbf10642b2941c73e6d2dfaffc9ab/django-6.0.6-py3-none-any.whl", hash = "sha256:25148b1194c47c2e685e5f5e9c5d59c78b075dfd282cb9618861ba6c1708f4d2", size = 8373354, upload-time = "2026-06-03T13:02:41.72Z" },
]

[[package]]
name = "django-widget-tweaks"
version = "1.5.1"
source = { registry = "https://pypi.org/simple" }
dependencies = [
    { name = "django" },
]
sdist = { url = "https://files.pythonhosted.org/packages/01/6d/d1b5a3ae3bccfee96e10315373298cea51e5e0d6853d022181b7b0861a4d/django_widget_tweaks-1.5.1.tar.gz", hash = "sha256:084acc9eeb5a3208f2670522de6284287973e54d54488ce6d402f4b99bc5f452", size = 16233, upload-time = "2026-01-02T12:46:28.907Z" }
wheels = [
    { url = "https://files.pythonhosted.org/packages/64/6a/ad176284371005426b9a1c424e6cd77a9018ab1b17dc23948bfbeb2f6a21/django_widget_tweaks-1.5.1-py3-none-any.whl", hash = "sha256:3f5080f8365740fc1c14607498c975cbfed896dd0c40e1b563095716ee31e3b5", size = 9634, upload-time = "2026-01-02T12:46:02.18Z" },
]

[[package]]
name = "mysqlclient"
version = "2.2.8"
source = { registry = "https://pypi.org/simple" }
sdist = { url = "https://files.pythonhosted.org/packages/eb/b0/9df076488cb2e536d40ce6dbd4273c1f20a386e31ffe6e7cb613902b3c2a/mysqlclient-2.2.8.tar.gz", hash = "sha256:8ed20c5615a915da451bb308c7d0306648a4fd9a2809ba95c992690006306199", size = 92287, upload-time = "2026-02-10T10:58:37.405Z" }
wheels = [
    { url = "https://files.pythonhosted.org/packages/db/1f/7d6b3fbfc8a317805fdb8bbfbc23af99f2090497090e82513daf491a29ce/mysqlclient-2.2.8-cp312-cp312-win_amd64.whl", hash = "sha256:000c7ec3d11e7c411db832e4cfcd7f05db47464326381f5d5ae991b4bb572f93", size = 207171, upload-time = "2026-02-10T10:58:39.827Z" },
    { url = "https://files.pythonhosted.org/packages/e6/d5/76e369b0fdccd2eb9ed7d890e4e3e23aa1344fea62f0180d7f1574285e54/mysqlclient-2.2.8-cp313-cp313-win_amd64.whl", hash = "sha256:a81f5e12f8d05439709cb02fba97f9f76d1a6c528164f2260d8798fec969e300", size = 207158, upload-time = "2026-02-10T10:58:38.663Z" },
    { url = "https://files.pythonhosted.org/packages/42/44/6ae21b4e8490eb5167d04fa7452c462ffd72a502b96bf531477ef044a380/mysqlclient-2.2.8-cp314-cp314-win_amd64.whl", hash = "sha256:9bed7c8d3b629bdc09e17fb628d5b3b0a5fd1f12b09432b464b9126c727bedc0", size = 211644, upload-time = "2026-02-10T10:58:45.022Z" },
    { url = "https://files.pythonhosted.org/packages/66/e5/037d55623be9f681236e04abe12e1290847c06bd48270c3f19ac33493cbf/mysqlclient-2.2.8-cp314-cp314t-win_amd64.whl", hash = "sha256:260cce0e81446c83bf0a389e0fae38d68547d9f8fc0833bc733014e10ce28a99", size = 213067, upload-time = "2026-02-10T10:58:43.389Z" },
]

[[package]]
name = "python-dotenv"
version = "1.2.2"
source = { registry = "https://pypi.org/simple" }
sdist = { url = "https://files.pythonhosted.org/packages/82/ed/0301aeeac3e5353ef3d94b6ec08bbcabd04a72018415dcb29e588514bba8/python_dotenv-1.2.2.tar.gz", hash = "sha256:2c371a91fbd7ba082c2c1dc1f8bf89ca22564a087c2c287cd9b662adde799cf3", size = 50135, upload-time = "2026-03-01T16:00:26.196Z" }
wheels = [
    { url = "https://files.pythonhosted.org/packages/0b/d7/1959b9648791274998a9c3526f6d0ec8fd2233e4d4acce81bbae76b44b2a/python_dotenv-1.2.2-py3-none-any.whl", hash = "sha256:1d8214789a24de455a8b8bd8ae6fe3c6b69a5e3d64aa8a8e5d68e694bbcb285a", size = 22101, upload-time = "2026-03-01T16:00:25.09Z" },
]

[[package]]
name = "ruff"
version = "0.15.15"
source = { registry = "https://pypi.org/simple" }
sdist = { url = "https://files.pythonhosted.org/packages/84/6f/a76f7d96e5c962f5b69cee865e49c15c1116897c01990faa8a57edb62e7f/ruff-0.15.15.tar.gz", hash = "sha256:b8dff018130b46d8e5bf0f926ef6b60cf871d6d5ae45fc9334e09632daa741d6", size = 4706985, upload-time = "2026-05-28T14:16:57.784Z" }
wheels = [
    { url = "https://files.pythonhosted.org/packages/fa/9d/3a45c05b8ab04b4705989de70a79008e27c8003296a0feaee9edc18dd7e9/ruff-0.15.15-py3-none-linux_armv6l.whl", hash = "sha256:cf93e5388f412e1b108b1f8b34a6e036b70fe8aff89393befad96fe48670311b", size = 10710652, upload-time = "2026-05-28T14:16:06.701Z" },
    { url = "https://files.pythonhosted.org/packages/05/66/da974431624bf3b49f6ee1f9543c02d929ff1cba78b0d5a79c38cf21f744/ruff-0.15.15-py3-none-macosx_10_12_x86_64.whl", hash = "sha256:ac5a646d1f6a7dadd5d50842dae2c1f9862ac887ef5d1b1375e02def791fde6e", size = 11096615, upload-time = "2026-05-28T14:16:23.313Z" },
    { url = "https://files.pythonhosted.org/packages/8c/09/7443452e5d290230a712103f2fdceeef7184f3ec99a2bd01c8be78aaceb5/ruff-0.15.15-py3-none-macosx_11_0_arm64.whl", hash = "sha256:77d955a431430c66f72dd94e379ad38a16daea3d25094872ac4edf9e797be530", size = 10436683, upload-time = "2026-05-28T14:16:40.974Z" },
    { url = "https://files.pythonhosted.org/packages/53/01/d330c26a57fa4f3943a14424904027428315b700fe4d14a84bb123a649e5/ruff-0.15.15-py3-none-manylinux_2_17_aarch64.manylinux2014_aarch64.whl", hash = "sha256:7614ee79c69788cf6cedd568069ade9cecc22a1ad20494efe8d0c9ebb4b622d4", size = 10769064, upload-time = "2026-05-28T14:16:28.905Z" },
    { url = "https://files.pythonhosted.org/packages/1d/85/cc8770f8bdff541b1da8392d1634141fe4a0e3f4ee596605959b7906c27f/ruff-0.15.15-py3-none-manylinux_2_17_armv7l.manylinux2014_armv7l.whl", hash = "sha256:3cdb1679e06a1f6b47bc384714ae96f6e2fb65ca441eb78c43d2ca554176ce1f", size = 10511987, upload-time = "2026-05-28T14:16:43.732Z" },
    { url = "https://files.pythonhosted.org/packages/7c/29/8c190c1472b63013583ba391f3342036e02010544c1270455ed8e519bdf3/ruff-0.15.15-py3-none-manylinux_2_17_i686.manylinux2014_i686.whl", hash = "sha256:2728b93d7b23a603ea2c0ac6eb73d760bd38ec9de35f35fb41e18f7a3fee7622", size = 11275100, upload-time = "2026-05-28T14:16:55.244Z" },
    { url = "https://files.pythonhosted.org/packages/9f/6b/7e145ce2cc8e63d6834eca03d83a0e18d121def5c69f91b4cf4011ed4879/ruff-0.15.15-py3-none-manylinux_2_17_ppc64le.manylinux2014_ppc64le.whl", hash = "sha256:be582fcc0db438902c7792b08d6ddf6c9b9e21addaa10092c2c741cfb09e5a45", size = 12176903, upload-time = "2026-05-28T14:16:14.368Z" },
    { url = "https://files.pythonhosted.org/packages/80/a3/d5974637f68e451f7fadf015cf3101d1cd7d8ba5027cffe0b9e3826ebe6b/ruff-0.15.15-py3-none-manylinux_2_17_s390x.manylinux2014_s390x.whl", hash = "sha256:7aa77465b8ecaf1a27bea098d696f7fed5e1eccbd10b321b682d6de586ae5627", size = 11404550, upload-time = "2026-05-28T14:16:20.138Z" },
    { url = "https://files.pythonhosted.org/packages/fe/1c/e6e5e568f22be4fb05d6244234aba384c06b451252453b821e1a529263cf/ruff-0.15.15-py3-none-manylinux_2_17_x86_64.manylinux2014_x86_64.whl", hash = "sha256:48decfa11d740de4889de623be1463308346312f2409a56e24aa280c86162dc4", size = 11382027, upload-time = "2026-05-28T14:16:46.615Z" },
    { url = "https://files.pythonhosted.org/packages/1d/01/170921b49fcd2e8858825593f91cf7146c3e40a5c3e6df763e4bb0484dde/ruff-0.15.15-py3-none-manylinux_2_31_riscv64.whl", hash = "sha256:a5015088452ca0081387063649ec67f06d3d1d6b8b936a1f836b5e9657ecd48c", size = 11366041, upload-time = "2026-05-28T14:16:26.247Z" },
    { url = "https://files.pythonhosted.org/packages/87/54/a7bad711d7de93254e15e06a4c375b89a03d18de45d3e5dcc86a4472fb1a/ruff-0.15.15-py3-none-musllinux_1_2_aarch64.whl", hash = "sha256:f5294aab6356c81600fcdea3a62bb1b924dfd5e91767c12318d3f68f86af57cd", size = 10741795, upload-time = "2026-05-28T14:16:17.11Z" },
    { url = "https://files.pythonhosted.org/packages/c9/31/38c075963668f8b41c6914ee0f6f318727fbe30ab9145cb29e6df464c5fa/ruff-0.15.15-py3-none-musllinux_1_2_armv7l.whl", hash = "sha256:db5bd4d802415cca656dc1616070b725952d6ae95eb5d4831e49fbd94a38f75f", size = 10511117, upload-time = "2026-05-28T14:16:31.767Z" },
    { url = "https://files.pythonhosted.org/packages/9d/96/6ff689e1f7e375d1d97075eca022f74c2bab59554a432fe4d2e6f091986a/ruff-0.15.15-py3-none-musllinux_1_2_i686.whl", hash = "sha256:587a6278ed42059191c1a466e490bd7930fb50bd2e255398bc29616c895a61cb", size = 10994867, upload-time = "2026-05-28T14:16:35.149Z" },
    { url = "https://files.pythonhosted.org/packages/c3/c2/5dce0ab9f92a8d534fa62b9bf9caca3eddb8c1a81b616f5e195ada4f0d6e/ruff-0.15.15-py3-none-musllinux_1_2_x86_64.whl", hash = "sha256:df0c1c084f5f4be9812f61518a45c440d3c30d69ce4bf6c5270e66d38338f02a", size = 11482101, upload-time = "2026-05-28T14:16:49.598Z" },
    { url = "https://files.pythonhosted.org/packages/b1/c0/1003b60edd697c649faf61f1a34094b1abb38fb3d1181e3f895781250a08/ruff-0.15.15-py3-none-win32.whl", hash = "sha256:29428ea79694afbe756d45fd59b36f22b6b020dc0443cf7de0173046236964b9", size = 10716774, upload-time = "2026-05-28T14:16:52.337Z" },
    { url = "https://files.pythonhosted.org/packages/02/a8/1269eddd6945a06c23f055ef7848886e37cf9d6a8bebb386a3115f01470c/ruff-0.15.15-py3-none-win_amd64.whl", hash = "sha256:8df0323902e15e24bc4bf246da830573d3cf3352bd0b9a164eab335d111ff4a4", size = 11868463, upload-time = "2026-05-28T14:16:11.333Z" },
    { url = "https://files.pythonhosted.org/packages/4e/b2/920464c907b191e37469d477a1aa8bc048b8f36c4c1610dfa4ab87b39e18/ruff-0.15.15-py3-none-win_arm64.whl", hash = "sha256:3c8ceca6792f38196b8f589bc92eccd03eef286602da92e5dc05cc42ef6441b7", size = 11138498, upload-time = "2026-05-28T14:16:38.425Z" },
]

[[package]]
name = "sqlparse"
version = "0.5.5"
source = { registry = "https://pypi.org/simple" }
sdist = { url = "https://files.pythonhosted.org/packages/90/76/437d71068094df0726366574cf3432a4ed754217b436eb7429415cf2d480/sqlparse-0.5.5.tar.gz", hash = "sha256:e20d4a9b0b8585fdf63b10d30066c7c94c5d7a7ec47c889a2d83a3caa93ff28e", size = 120815, upload-time = "2025-12-19T07:17:45.073Z" }
wheels = [
    { url = "https://files.pythonhosted.org/packages/49/4b/359f28a903c13438ef59ebeee215fb25da53066db67b305c125f1c6d2a25/sqlparse-0.5.5-py3-none-any.whl", hash = "sha256:12a08b3bf3eec877c519589833aed092e2444e68240a3577e8e26148acc7b1ba", size = 46138, upload-time = "2025-12-19T07:17:46.573Z" },
]

[[package]]
name = "tennismatchscoreboard"
version = "0.1.0"
source = { virtual = "." }
dependencies = [
    { name = "django" },
    { name = "django-widget-tweaks" },
    { name = "mysqlclient" },
    { name = "python-dotenv" },
]

[package.dev-dependencies]
dev = [
    { name = "ruff" },
    { name = "ty" },
]

[package.metadata]
requires-dist = [
    { name = "django", specifier = ">=5.2.15" },
    { name = "django-widget-tweaks", specifier = ">=1.5.1" },
    { name = "mysqlclient", specifier = ">=2.2.8" },
    { name = "python-dotenv", specifier = ">=1.2.2" },
]

[package.metadata.requires-dev]
dev = [
    { name = "ruff", specifier = ">=0.15.15" },
    { name = "ty", specifier = ">=0.0.43" },
]

[[package]]
name = "ty"
version = "0.0.43"
source = { registry = "https://pypi.org/simple" }
sdist = { url = "https://files.pythonhosted.org/packages/0d/37/4ec04de0659b93be37d956dfceca13b1ecab9c959f28d8a1d5e514603f36/ty-0.0.43.tar.gz", hash = "sha256:ea4cff50548f2a1877e848d3abe9e293cde8ab94757a7eb93fc0d4013f98be8e", size = 5798429, upload-time = "2026-06-04T00:52:10.013Z" }
wheels = [
    { url = "https://files.pythonhosted.org/packages/db/74/1916026a78f20019a2f03adbd6fb4430ddb7ce1e52c2e17a90856a6d192e/ty-0.0.43-py3-none-linux_armv6l.whl", hash = "sha256:3bf70f5446480562bf6c9f639df4b5cb60716b8f8d1a6b8e5811d5c7eccd8bf2", size = 11598153, upload-time = "2026-06-04T00:52:20.646Z" },
    { url = "https://files.pythonhosted.org/packages/b9/af/58bb0089d2635216c8fa6612dd486a3f986d0ab1c46a41527ab95e57f0e3/ty-0.0.43-py3-none-macosx_10_12_x86_64.whl", hash = "sha256:7184741f8b15425a1bc64b950ad005cb353573288ac0e8a04f5481ceb3832596", size = 11357811, upload-time = "2026-06-04T00:52:24.683Z" },
    { url = "https://files.pythonhosted.org/packages/d6/9c/32c6b14f3feddf87b59c7a50709e2b3da408258f2f583f05575f77bc8f7b/ty-0.0.43-py3-none-macosx_11_0_arm64.whl", hash = "sha256:8c306379ca9a35f6ae5270fe9bda7af4b46d91822725a2586d78c8b9b5493b62", size = 10772024, upload-time = "2026-06-04T00:52:14.312Z" },
    { url = "https://files.pythonhosted.org/packages/09/fa/98aa4a74bd00cd5efc424923cd1daffbf1e40a0338041cafb203379d746f/ty-0.0.43-py3-none-manylinux_2_17_aarch64.manylinux2014_aarch64.whl", hash = "sha256:d624b884c9c1fd244ad2a5f026364e7162a22b3f537025941ada2e363e676414", size = 11291034, upload-time = "2026-06-04T00:52:37.249Z" },
    { url = "https://files.pythonhosted.org/packages/b5/db/4de086c38ce96dcada2bd451f43171d2c237f96d8ed19a1ea8fe51bb8ef4/ty-0.0.43-py3-none-manylinux_2_17_armv7l.manylinux2014_armv7l.whl", hash = "sha256:281fc4c00fbc196045141faa085055bddc58846b04a2800204701415a1b9c6aa", size = 11364724, upload-time = "2026-06-04T00:52:33.138Z" },
    { url = "https://files.pythonhosted.org/packages/b0/d3/e3cd8e3233a6fd8362a49aa025b79e9f40151a2a86d811ace154c6eb7445/ty-0.0.43-py3-none-manylinux_2_17_i686.manylinux2014_i686.whl", hash = "sha256:f57d6cc28de89024b48d1788e4758c05299d5749d4a51c02e71ac655ec23d9a5", size = 11890555, upload-time = "2026-06-04T00:52:22.711Z" },
    { url = "https://files.pythonhosted.org/packages/80/7b/6f46d444e8241606bbde098df3dca93f2ec0b834a42055db85ee7d33646f/ty-0.0.43-py3-none-manylinux_2_17_ppc64le.manylinux2014_ppc64le.whl", hash = "sha256:0a1d6ad6c5e7792c7eac0a01e550f2c2004462e01a64a91ea1636aba6fef6e71", size = 12450968, upload-time = "2026-06-04T00:52:28.94Z" },
    { url = "https://files.pythonhosted.org/packages/4a/e1/79fbe51f2e4b9d8347f2013cd7ed0b63f3b499038c02dc0357e9b28a3a47/ty-0.0.43-py3-none-manylinux_2_17_s390x.manylinux2014_s390x.whl", hash = "sha256:66d474395d7635fb618bdbb58b4e3360259a2056d0a5621b82754b9da2cd8a04", size = 12064187, upload-time = "2026-06-04T00:52:12.039Z" },
    { url = "https://files.pythonhosted.org/packages/9b/3f/c758a3a8df5b90d331f2b60c8f16021ee64d75e78f99d67cc4efc9bf5f4b/ty-0.0.43-py3-none-manylinux_2_17_x86_64.manylinux2014_x86_64.whl", hash = "sha256:2663a0003a8b60fb98db7f6f6e673df80b21d0fe3a9868a26fb06b4e049b6fc4", size = 11943208, upload-time = "2026-06-04T00:52:31.14Z" },
    { url = "https://files.pythonhosted.org/packages/54/5f/f516442749cf1b45ca6720a5d41df2738a486ed9ace774c03d515db89084/ty-0.0.43-py3-none-manylinux_2_31_riscv64.whl", hash = "sha256:d5a6c352d374d889189d5ec82b54b26a5885f769f7b7787f7f875500dcb8673e", size = 12143572, upload-time = "2026-06-04T00:52:18.457Z" },
    { url = "https://files.pythonhosted.org/packages/b7/bf/0d83c7f43bf4c10f3678bfe7d938e51c445298c7b923f155c5204730c2df/ty-0.0.43-py3-none-musllinux_1_2_aarch64.whl", hash = "sha256:e7dbbeedfad3ca250d74fcc355fa9ab6b38d2a17f22d6304f615716939dbbb27", size = 11279355, upload-time = "2026-06-04T00:52:26.726Z" },
    { url = "https://files.pythonhosted.org/packages/3e/de/a6c978bef6d9e949f79f4782d9e4ee4df0893713e73b055d84c1a5116b9a/ty-0.0.43-py3-none-musllinux_1_2_armv7l.whl", hash = "sha256:24b18a0273ee46154996cfcfa27438f851f440c925587ec200df6f98dffe67d3", size = 11408412, upload-time = "2026-06-04T00:52:35.282Z" },
    { url = "https://files.pythonhosted.org/packages/ec/b1/d13857c23867f0f76b92e38e5841c64ca5e76dc5d4bf27f52cb81d8ab685/ty-0.0.43-py3-none-musllinux_1_2_i686.whl", hash = "sha256:2ef681951520d692b7e9c0b5e56aacf4f98ccae47cf6ffccaf2c7b6b33dc226e", size = 11541709, upload-time = "2026-06-04T00:52:16.451Z" },
    { url = "https://files.pythonhosted.org/packages/7c/f1/cd6afc6f6a687e238bf5e12189f7920e81a0bdef6c3dba4c784ef140f7d9/ty-0.0.43-py3-none-musllinux_1_2_x86_64.whl", hash = "sha256:2af105de7437143aa4676b28016b5bee661aaaa4eff52be5867fb25119641ceb", size = 12041266, upload-time = "2026-06-04T00:52:43.541Z" },
    { url = "https://files.pythonhosted.org/packages/bd/ba/51ca7c3335da2b8d0a3e477fa4986be9f4a53b05bfab862967d8d2e6ca60/ty-0.0.43-py3-none-win32.whl", hash = "sha256:e4773115b0d6486ee30f1657fc8bdffe7e3a3f5300ab77ef2495da6e83e4694f", size = 10858724, upload-time = "2026-06-04T00:52:07.843Z" },
    { url = "https://files.pythonhosted.org/packages/9f/29/5d80453e5f7c520145fa058851da87230dbd7ca761a7675447a9fe504e0b/ty-0.0.43-py3-none-win_amd64.whl", hash = "sha256:48d3545094a4ae6395492c7e6ac90550fce969e0ed2815fbf8c5da9756676b7d", size = 11976157, upload-time = "2026-06-04T00:52:41.438Z" },
    { url = "https://files.pythonhosted.org/packages/dc/ed/befe5a543e5b95e754ed38ee95239e44efda9bc5f578db4ac1bc8dd758d6/ty-0.0.43-py3-none-win_arm64.whl", hash = "sha256:740ca33d7f75f655a4e7d475bc42dfb825c13219bb073fad30fcc04d35790c74", size = 11308680, upload-time = "2026-06-04T00:52:39.233Z" },
]

[[package]]
name = "tzdata"
version = "2026.2"
source = { registry = "https://pypi.org/simple" }
sdist = { url = "https://files.pythonhosted.org/packages/ba/19/1b9b0e29f30c6d35cb345486df41110984ea67ae69dddbc0e8a100999493/tzdata-2026.2.tar.gz", hash = "sha256:9173fde7d80d9018e02a662e168e5a2d04f87c41ea174b139fbef642eda62d10", size = 198254, upload-time = "2026-04-24T15:22:08.651Z" }
wheels = [
    { url = "https://files.pythonhosted.org/packages/ce/e4/dccd7f47c4b64213ac01ef921a1337ee6e30e8c6466046018326977efd95/tzdata-2026.2-py2.py3-none-any.whl", hash = "sha256:bbe9af844f658da81a5f95019480da3a89415801f6cc966806612cc7169bffe7", size = 349321, upload-time = "2026-04-24T15:22:05.876Z" },
]
